// !$*UTF8*$!
{
	archiveVersion = 1;
	classes = {
	};
	objectVersion = 46;
	objects = {

/* Begin PBXBuildFile section */
		D61806C41CAD765D00976284 /* listExerciseViewController.swift in Sources */ = {isa = PBXBuildFile; fileRef = D61806C31CAD765D00976284 /* listExerciseViewController.swift */; };
		D61806C61CAD767E00976284 /* exerciseTableViewController.swift in Sources */ = {isa = PBXBuildFile; fileRef = D61806C51CAD767E00976284 /* exerciseTableViewController.swift */; };
		D61806C81CADAA1800976284 /* exerciseTableViewCell.swift in Sources */ = {isa = PBXBuildFile; fileRef = D61806C71CADAA1800976284 /* exerciseTableViewCell.swift */; };
		D63170CC1CAA00E500526C47 /* AppDelegate.swift in Sources */ = {isa = PBXBuildFile; fileRef = D63170CB1CAA00E500526C47 /* AppDelegate.swift */; };
		D63170D11CAA00E500526C47 /* Main.storyboard in Resources */ = {isa = PBXBuildFile; fileRef = D63170CF1CAA00E500526C47 /* Main.storyboard */; };
		D63170D31CAA00E500526C47 /* Assets.xcassets in Resources */ = {isa = PBXBuildFile; fileRef = D63170D21CAA00E500526C47 /* Assets.xcassets */; };
		D63170D61CAA00E500526C47 /* LaunchScreen.storyboard in Resources */ = {isa = PBXBuildFile; fileRef = D63170D41CAA00E500526C47 /* LaunchScreen.storyboard */; };
		D63170E11CAA00E500526C47 /* Workout_watchTests.swift in Sources */ = {isa = PBXBuildFile; fileRef = D63170E01CAA00E500526C47 /* Workout_watchTests.swift */; };
		D63170EC1CAA00E500526C47 /* Workout_watchUITests.swift in Sources */ = {isa = PBXBuildFile; fileRef = D63170EB1CAA00E500526C47 /* Workout_watchUITests.swift */; };
		D6AD02DB1CAAF153005B4EFE /* StopWatchViewController.swift in Sources */ = {isa = PBXBuildFile; fileRef = D6AD02DA1CAAF153005B4EFE /* StopWatchViewController.swift */; };
		D6C6DF271CABDD4100B9796A /* Beep Sound.mp3 in Resources */ = {isa = PBXBuildFile; fileRef = D6C6DF261CABDD4100B9796A /* Beep Sound.mp3 */; };
		D6C6DF291CAC8D3100B9796A /* settingViewController.swift in Sources */ = {isa = PBXBuildFile; fileRef = D6C6DF281CAC8D3100B9796A /* settingViewController.swift */; };
		D6C7510C1CAE81B200FB2422 /* DayTableViewController.swift in Sources */ = {isa = PBXBuildFile; fileRef = D6C7510B1CAE81B200FB2422 /* DayTableViewController.swift */; };
/* End PBXBuildFile section */

/* Begin PBXContainerItemProxy section */
		D63170DD1CAA00E500526C47 /* PBXContainerItemProxy */ = {
			isa = PBXContainerItemProxy;
			containerPortal = D63170C01CAA00E400526C47 /* Project object */;
			proxyType = 1;
			remoteGlobalIDString = D63170C71CAA00E400526C47;
			remoteInfo = "Workout watch";
		};
		D63170E81CAA00E500526C47 /* PBXContainerItemProxy */ = {
			isa = PBXContainerItemProxy;
			containerPortal = D63170C01CAA00E400526C47 /* Project object */;
			proxyType = 1;
			remoteGlobalIDString = D63170C71CAA00E400526C47;
			remoteInfo = "Workout watch";
		};
/* End PBXContainerItemProxy section */

/* Begin PBXFileReference section */
		D61806C31CAD765D00976284 /* listExerciseViewController.swift */ = {isa = PBXFileReference; fileEncoding = 4; lastKnownFileType = sourcecode.swift; path = listExerciseViewController.swift; sourceTree = "<group>"; };
		D61806C51CAD767E00976284 /* exerciseTableViewController.swift */ = {isa = PBXFileReference; fileEncoding = 4; lastKnownFileType = sourcecode.swift; path = exerciseTableViewController.swift; sourceTree = "<group>"; };
		D61806C71CADAA1800976284 /* exerciseTableViewCell.swift */ = {isa = PBXFileReference; fileEncoding = 4; lastKnownFileType = sourcecode.swift; path = exerciseTableViewCell.swift; sourceTree = "<group>"; };
		D63170C81CAA00E500526C47 /* Workout watch.app */ = {isa = PBXFileReference; explicitFileType = wrapper.application; includeInIndex = 0; path = "Workout watch.app"; sourceTree = BUILT_PRODUCTS_DIR; };
		D63170CB1CAA00E500526C47 /* AppDelegate.swift */ = {isa = PBXFileReference; lastKnownFileType = sourcecode.swift; path = AppDelegate.swift; sourceTree = "<group>"; };
		D63170D01CAA00E500526C47 /* Base */ = {isa = PBXFileReference; lastKnownFileType = file.storyboard; name = Base; path = Base.lproj/Main.storyboard; sourceTree = "<group>"; };
		D63170D21CAA00E500526C47 /* Assets.xcassets */ = {isa = PBXFileReference; lastKnownFileType = folder.assetcatalog; path = Assets.xcassets; sourceTree = "<group>"; };
		D63170D51CAA00E500526C47 /* Base */ = {isa = PBXFileReference; lastKnownFileType = file.storyboard; name = Base; path = Base.lproj/LaunchScreen.storyboard; sourceTree = "<group>"; };
		D63170D71CAA00E500526C47 /* Info.plist */ = {isa = PBXFileReference; lastKnownFileType = text.plist.xml; path = Info.plist; sourceTree = "<group>"; };
		D63170DC1CAA00E500526C47 /* Workout watchTests.xctest */ = {isa = PBXFileReference; explicitFileType = wrapper.cfbundle; includeInIndex = 0; path = "Workout watchTests.xctest"; sourceTree = BUILT_PRODUCTS_DIR; };
		D63170E01CAA00E500526C47 /* Workout_watchTests.swift */ = {isa = PBXFileReference; lastKnownFileType = sourcecode.swift; path = Workout_watchTests.swift; sourceTree = "<group>"; };
		D63170E21CAA00E500526C47 /* Info.plist */ = {isa = PBXFileReference; lastKnownFileType = text.plist.xml; path = Info.plist; sourceTree = "<group>"; };
		D63170E71CAA00E500526C47 /* Workout watchUITests.xctest */ = {isa = PBXFileReference; explicitFileType = wrapper.cfbundle; includeInIndex = 0; path = "Workout watchUITests.xctest"; sourceTree = BUILT_PRODUCTS_DIR; };
		D63170EB1CAA00E500526C47 /* Workout_watchUITests.swift */ = {isa = PBXFileReference; lastKnownFileType = sourcecode.swift; path = Workout_watchUITests.swift; sourceTree = "<group>"; };
		D63170ED1CAA00E500526C47 /* Info.plist */ = {isa = PBXFileReference; lastKnownFileType = text.plist.xml; path = Info.plist; sourceTree = "<group>"; };
		D6AD02DA1CAAF153005B4EFE /* StopWatchViewController.swift */ = {isa = PBXFileReference; fileEncoding = 4; lastKnownFileType = sourcecode.swift; name = StopWatchViewController.swift; path = ../StopWatchViewController.swift; sourceTree = "<group>"; };
		D6C6DF261CABDD4100B9796A /* Beep Sound.mp3 */ = {isa = PBXFileReference; lastKnownFileType = audio.mp3; path = "Beep Sound.mp3"; sourceTree = "<group>"; };
		D6C6DF281CAC8D3100B9796A /* settingViewController.swift */ = {isa = PBXFileReference; fileEncoding = 4; lastKnownFileType = sourcecode.swift; path = settingViewController.swift; sourceTree = "<group>"; };
		D6C7510B1CAE81B200FB2422 /* DayTableViewController.swift */ = {isa = PBXFileReference; fileEncoding = 4; lastKnownFileType = sourcecode.swift; name = DayTableViewController.swift; path = ../DayTableViewController.swift; sourceTree = "<group>"; };
/* End PBXFileReference section */

/* Begin PBXFrameworksBuildPhase section */
		D63170C51CAA00E400526C47 /* Frameworks */ = {
			isa = PBXFrameworksBuildPhase;
			buildActionMask = 2147483647;
			files = (
			);
			runOnlyForDeploymentPostprocessing = 0;
		};
		D63170D91CAA00E500526C47 /* Frameworks */ = {
			isa = PBXFrameworksBuildPhase;
			buildActionMask = 2147483647;
			files = (
			);
			runOnlyForDeploymentPostprocessing = 0;
		};
		D63170E41CAA00E500526C47 /* Frameworks */ = {
			isa = PBXFrameworksBuildPhase;
			buildActionMask = 2147483647;
			files = (
			);
			runOnlyForDeploymentPostprocessing = 0;
		};
/* End PBXFrameworksBuildPhase section */

/* Begin PBXGroup section */
		D63170BF1CAA00E400526C47 = {
			isa = PBXGroup;
			children = (
				D63170CA1CAA00E500526C47 /* Workout watch */,
				D63170DF1CAA00E500526C47 /* Workout watchTests */,
				D63170EA1CAA00E500526C47 /* Workout watchUITests */,
				D63170C91CAA00E500526C47 /* Products */,
			);
			sourceTree = "<group>";
		};
		D63170C91CAA00E500526C47 /* Products */ = {
			isa = PBXGroup;
			children = (
				D63170C81CAA00E500526C47 /* Workout watch.app */,
				D63170DC1CAA00E500526C47 /* Workout watchTests.xctest */,
				D63170E71CAA00E500526C47 /* Workout watchUITests.xctest */,
			);
			name = Products;
			sourceTree = "<group>";
		};
		D63170CA1CAA00E500526C47 /* Workout watch */ = {
			isa = PBXGroup;
			children = (
				D6C7510B1CAE81B200FB2422 /* DayTableViewController.swift */,
				D6AD02DA1CAAF153005B4EFE /* StopWatchViewController.swift */,
				D6C6DF281CAC8D3100B9796A /* settingViewController.swift */,
				D63170CB1CAA00E500526C47 /* AppDelegate.swift */,
				D63170CF1CAA00E500526C47 /* Main.storyboard */,
				D61806C71CADAA1800976284 /* exerciseTableViewCell.swift */,
				D61806C51CAD767E00976284 /* exerciseTableViewController.swift */,
				D61806C31CAD765D00976284 /* listExerciseViewController.swift */,
				D63170D21CAA00E500526C47 /* Assets.xcassets */,
				D63170D41CAA00E500526C47 /* LaunchScreen.storyboard */,
				D63170D71CAA00E500526C47 /* Info.plist */,
				D6C6DF261CABDD4100B9796A /* Beep Sound.mp3 */,
			);
			path = "Workout watch";
			sourceTree = "<group>";
		};
		D63170DF1CAA00E500526C47 /* Workout watchTests */ = {
			isa = PBXGroup;
			children = (
				D63170E01CAA00E500526C47 /* Workout_watchTests.swift */,
				D63170E21CAA00E500526C47 /* Info.plist */,
			);
			path = "Workout watchTests";
			sourceTree = "<group>";
		};
		D63170EA1CAA00E500526C47 /* Workout watchUITests */ = {
			isa = PBXGroup;
			children = (
				D63170EB1CAA00E500526C47 /* Workout_watchUITests.swift */,
				D63170ED1CAA00E500526C47 /* Info.plist */,
			);
			path = "Workout watchUITests";
			sourceTree = "<group>";
		};
/* End PBXGroup section */

/* Begin PBXNativeTarget section */
		D63170C71CAA00E400526C47 /* Workout watch */ = {
			isa = PBXNativeTarget;
			buildConfigurationList = D63170F01CAA00E500526C47 /* Build configuration list for PBXNativeTarget "Workout watch" */;
			buildPhases = (
				D63170C41CAA00E400526C47 /* Sources */,
				D63170C51CAA00E400526C47 /* Frameworks */,
				D63170C61CAA00E400526C47 /* Resources */,
			);
			buildRules = (
			);
			dependencies = (
			);
			name = "Workout watch";
			productName = "Workout watch";
			productReference = D63170C81CAA00E500526C47 /* Workout watch.app */;
			productType = "com.apple.product-type.application";
		};
		D63170DB1CAA00E500526C47 /* Workout watchTests */ = {
			isa = PBXNativeTarget;
			buildConfigurationList = D63170F31CAA00E500526C47 /* Build configuration list for PBXNativeTarget "Workout watchTests" */;
			buildPhases = (
				D63170D81CAA00E500526C47 /* Sources */,
				D63170D91CAA00E500526C47 /* Frameworks */,
				D63170DA1CAA00E500526C47 /* Resources */,
			);
			buildRules = (
			);
			dependencies = (
				D63170DE1CAA00E500526C47 /* PBXTargetDependency */,
			);
			name = "Workout watchTests";
			productName = "Workout watchTests";
			productReference = D63170DC1CAA00E500526C47 /* Workout watchTests.xctest */;
			productType = "com.apple.product-type.bundle.unit-test";
		};
		D63170E61CAA00E500526C47 /* Workout watchUITests */ = {
			isa = PBXNativeTarget;
			buildConfigurationList = D63170F61CAA00E500526C47 /* Build configuration list for PBXNativeTarget "Workout watchUITests" */;
			buildPhases = (
				D63170E31CAA00E500526C47 /* Sources */,
				D63170E41CAA00E500526C47 /* Frameworks */,
				D63170E51CAA00E500526C47 /* Resources */,
			);
			buildRules = (
			);
			dependencies = (
				D63170E91CAA00E500526C47 /* PBXTargetDependency */,
			);
			name = "Workout watchUITests";
			productName = "Workout watchUITests";
			productReference = D63170E71CAA00E500526C47 /* Workout watchUITests.xctest */;
			productType = "com.apple.product-type.bundle.ui-testing";
		};
/* End PBXNativeTarget section */

/* Begin PBXProject section */
		D63170C01CAA00E400526C47 /* Project object */ = {
			isa = PBXProject;
			attributes = {
				LastSwiftUpdateCheck = 0730;
				LastUpgradeCheck = 0730;
				ORGANIZATIONNAME = "Antoine Simon";
				TargetAttributes = {
					D63170C71CAA00E400526C47 = {
						CreatedOnToolsVersion = 7.3;
					};
					D63170DB1CAA00E500526C47 = {
						CreatedOnToolsVersion = 7.3;
						TestTargetID = D63170C71CAA00E400526C47;
					};
					D63170E61CAA00E500526C47 = {
						CreatedOnToolsVersion = 7.3;
						TestTargetID = D63170C71CAA00E400526C47;
					};
				};
			};
			buildConfigurationList = D63170C31CAA00E400526C47 /* Build configuration list for PBXProject "Workout watch" */;
			compatibilityVersion = "Xcode 3.2";
			developmentRegion = English;
			hasScannedForEncodings = 0;
			knownRegions = (
				en,
				Base,
			);
			mainGroup = D63170BF1CAA00E400526C47;
			productRefGroup = D63170C91CAA00E500526C47 /* Products */;
			projectDirPath = "";
			projectRoot = "";
			targets = (
				D63170C71CAA00E400526C47 /* Workout watch */,
				D63170DB1CAA00E500526C47 /* Workout watchTests */,
				D63170E61CAA00E500526C47 /* Workout watchUITests */,
			);
		};
/* End PBXProject section */

/* Begin PBXResourcesBuildPhase section */
		D63170C61CAA00E400526C47 /* Resources */ = {
			isa = PBXResourcesBuildPhase;
			buildActionMask = 2147483647;
			files = (
				D63170D61CAA00E500526C47 /* LaunchScreen.storyboard in Resources */,
				D6C6DF271CABDD4100B9796A /* Beep Sound.mp3 in Resources */,
				D63170D31CAA00E500526C47 /* Assets.xcassets in Resources */,
				D63170D11CAA00E500526C47 /* Main.storyboard in Resources */,
			);
			runOnlyForDeploymentPostprocessing = 0;
		};
		D63170DA1CAA00E500526C47 /* Resources */ = {
			isa = PBXResourcesBuildPhase;
			buildActionMask = 2147483647;
			files = (
			);
			runOnlyForDeploymentPostprocessing = 0;
		};
		D63170E51CAA00E500526C47 /* Resources */ = {
			isa = PBXResourcesBuildPhase;
			buildActionMask = 2147483647;
			files = (
			);
			runOnlyForDeploymentPostprocessing = 0;
		};
/* End PBXResourcesBuildPhase section */

/* Begin PBXSourcesBuildPhase section */
		D63170C41CAA00E400526C47 /* Sources */ = {
			isa = PBXSourcesBuildPhase;
			buildActionMask = 2147483647;
			files = (
				D61806C41CAD765D00976284 /* listExerciseViewController.swift in Sources */,
				D6AD02DB1CAAF153005B4EFE /* StopWatchViewController.swift in Sources */,
				D61806C61CAD767E00976284 /* exerciseTableViewController.swift in Sources */,
				D61806C81CADAA1800976284 /* exerciseTableViewCell.swift in Sources */,
				D6C7510C1CAE81B200FB2422 /* DayTableViewController.swift in Sources */,
				D63170CC1CAA00E500526C47 /* AppDelegate.swift in Sources */,
				D6C6DF291CAC8D3100B9796A /* settingViewController.swift in Sources */,
			);
			runOnlyForDeploymentPostprocessing = 0;
		};
		D63170D81CAA00E500526C47 /* Sources */ = {
			isa = PBXSourcesBuildPhase;
			buildActionMask = 2147483647;
			files = (
				D63170E11CAA00E500526C47 /* Workout_watchTests.swift in Sources */,
			);
			runOnlyForDeploymentPostprocessing = 0;
		};
		D63170E31CAA00E500526C47 /* Sources */ = {
			isa = PBXSourcesBuildPhase;
			buildActionMask = 2147483647;
			files = (
				D63170EC1CAA00E500526C47 /* Workout_watchUITests.swift in Sources */,
			);
			runOnlyForDeploymentPostprocessing = 0;
		};
/* End PBXSourcesBuildPhase section */

/* Begin PBXTargetDependency section */
		D63170DE1CAA00E500526C47 /* PBXTargetDependency */ = {
			isa = PBXTargetDependency;
			target = D63170C71CAA00E400526C47 /* Workout watch */;
			targetProxy = D63170DD1CAA00E500526C47 /* PBXContainerItemProxy */;
		};
		D63170E91CAA00E500526C47 /* PBXTargetDependency */ = {
			isa = PBXTargetDependency;
			target = D63170C71CAA00E400526C47 /* Workout watch */;
			targetProxy = D63170E81CAA00E500526C47 /* PBXContainerItemProxy */;
		};
/* End PBXTargetDependency section */

/* Begin PBXVariantGroup section */
		D63170CF1CAA00E500526C47 /* Main.storyboard */ = {
			isa = PBXVariantGroup;
			children = (
				D63170D01CAA00E500526C47 /* Base */,
			);
			name = Main.storyboard;
			sourceTree = "<group>";
		};
		D63170D41CAA00E500526C47 /* LaunchScreen.storyboard */ = {
			isa = PBXVariantGroup;
			children = (
				D63170D51CAA00E500526C47 /* Base */,
			);
			name = LaunchScreen.storyboard;
			sourceTree = "<group>";
		};
/* End PBXVariantGroup section */

/* Begin XCBuildConfiguration section */
		D63170EE1CAA00E500526C47 /* Debug */ = {
			isa = XCBuildConfiguration;
			buildSettings = {
				ALWAYS_SEARCH_USER_PATHS = NO;
				CLANG_ANALYZER_NONNULL = YES;
				CLANG_CXX_LANGUAGE_STANDARD = "gnu++0x";
				CLANG_CXX_LIBRARY = "libc++";
				CLANG_ENABLE_MODULES = YES;
				CLANG_ENABLE_OBJC_ARC = YES;
				CLANG_WARN_BOOL_CONVERSION = YES;
				CLANG_WARN_CONSTANT_CONVERSION = YES;
				CLANG_WARN_DIRECT_OBJC_ISA_USAGE = YES_ERROR;
				CLANG_WARN_EMPTY_BODY = YES;
				CLANG_WARN_ENUM_CONVERSION = YES;
				CLANG_WARN_INT_CONVERSION = YES;
				CLANG_WARN_OBJC_ROOT_CLASS = YES_ERROR;
				CLANG_WARN_UNREACHABLE_CODE = YES;
				CLANG_WARN__DUPLICATE_METHOD_MATCH = YES;
				"CODE_SIGN_IDENTITY[sdk=iphoneos*]" = "iPhone Developer";
				COPY_PHASE_STRIP = NO;
				DEBUG_INFORMATION_FORMAT = dwarf;
				ENABLE_STRICT_OBJC_MSGSEND = YES;
				ENABLE_TESTABILITY = YES;
				GCC_C_LANGUAGE_STANDARD = gnu99;
				GCC_DYNAMIC_NO_PIC = NO;
				GCC_NO_COMMON_BLOCKS = YES;
				GCC_OPTIMIZATION_LEVEL = 0;
				GCC_PREPROCESSOR_DEFINITIONS = (
					"DEBUG=1",
					"$(inherited)",
				);
				GCC_WARN_64_TO_32_BIT_CONVERSION = YES;
				GCC_WARN_ABOUT_RETURN_TYPE = YES_ERROR;
				GCC_WARN_UNDECLARED_SELECTOR = YES;
				GCC_WARN_UNINITIALIZED_AUTOS = YES_AGGRESSIVE;
				GCC_WARN_UNUSED_FUNCTION = YES;
				GCC_WARN_UNUSED_VARIABLE = YES;
				IPHONEOS_DEPLOYMENT_TARGET = 9.3;
				MTL_ENABLE_DEBUG_INFO = YES;
				ONLY_ACTIVE_ARCH = YES;
				SDKROOT = iphoneos;
				SWIFT_OPTIMIZATION_LEVEL = "-Onone";
			};
			name = Debug;
		};
		D63170EF1CAA00E500526C47 /* Release */ = {
			isa = XCBuildConfiguration;
			buildSettings = {
				ALWAYS_SEARCH_USER_PATHS = NO;
				CLANG_ANALYZER_NONNULL = YES;
				CLANG_CXX_LANGUAGE_STANDARD = "gnu++0x";
				CLANG_CXX_LIBRARY = "libc++";
				CLANG_ENABLE_MODULES = YES;
				CLANG_ENABLE_OBJC_ARC = YES;
				CLANG_WARN_BOOL_CONVERSION = YES;
				CLANG_WARN_CONSTANT_CONVERSION = YES;
				CLANG_WARN_DIRECT_OBJC_ISA_USAGE = YES_ERROR;
				CLANG_WARN_EMPTY_BODY = YES;
				CLANG_WARN_ENUM_CONVERSION = YES;
				CLANG_WARN_INT_CONVERSION = YES;
				CLANG_WARN_OBJC_ROOT_CLASS = YES_ERROR;
				CLANG_WARN_UNREACHABLE_CODE = YES;
				CLANG_WARN__DUPLICATE_METHOD_MATCH = YES;
				"CODE_SIGN_IDENTITY[sdk=iphoneos*]" = "iPhone Developer";
				COPY_PHASE_STRIP = NO;
				DEBUG_INFORMATION_FORMAT = "dwarf-with-dsym";
				ENABLE_NS_ASSERTIONS = NO;
				ENABLE_STRICT_OBJC_MSGSEND = YES;
				GCC_C_LANGUAGE_STANDARD = gnu99;
				GCC_NO_COMMON_BLOCKS = YES;
				GCC_WARN_64_TO_32_BIT_CONVERSION = YES;
				GCC_WARN_ABOUT_RETURN_TYPE = YES_ERROR;
				GCC_WARN_UNDECLARED_SELECTOR = YES;
				GCC_WARN_UNINITIALIZED_AUTOS = YES_AGGRESSIVE;
				GCC_WARN_UNUSED_FUNCTION = YES;
				GCC_WARN_UNUSED_VARIABLE = YES;
				IPHONEOS_DEPLOYMENT_TARGET = 9.3;
				MTL_ENABLE_DEBUG_INFO = NO;
				SDKROOT = iphoneos;
				VALIDATE_PRODUCT = YES;
			};
			name = Release;
		};
		D63170F11CAA00E500526C47 /* Debug */ = {
			isa = XCBuildConfiguration;
			buildSettings = {
				ASSETCATALOG_COMPILER_APPICON_NAME = AppIcon;
				INFOPLIST_FILE = "Workout watch/Info.plist";
				LD_RUNPATH_SEARCH_PATHS = "$(inherited) @executable_path/Frameworks";
				PRODUCT_BUNDLE_IDENTIFIER = "Grow-muscle.Workout-watch";
				PRODUCT_NAME = "$(TARGET_NAME)";
			};
			name = Debug;
		};
		D63170F21CAA00E500526C47 /* Release */ = {
			isa = XCBuildConfiguration;
			buildSettings = {
				ASSETCATALOG_COMPILER_APPICON_NAME = AppIcon;
				INFOPLIST_FILE = "Workout watch/Info.plist";
				LD_RUNPATH_SEARCH_PATHS = "$(inherited) @executable_path/Frameworks";
				PRODUCT_BUNDLE_IDENTIFIER = "Grow-muscle.Workout-watch";
				PRODUCT_NAME = "$(TARGET_NAME)";
			};
			name = Release;
		};
		D63170F41CAA00E500526C47 /* Debug */ = {
			isa = XCBuildConfiguration;
			buildSettings = {
				BUNDLE_LOADER = "$(TEST_HOST)";
				INFOPLIST_FILE = "Workout watchTests/Info.plist";
				LD_RUNPATH_SEARCH_PATHS = "$(inherited) @executable_path/Frameworks @loader_path/Frameworks";
				PRODUCT_BUNDLE_IDENTIFIER = "Grow-muscle.Workout-watchTests";
				PRODUCT_NAME = "$(TARGET_NAME)";
				TEST_HOST = "$(BUILT_PRODUCTS_DIR)/Workout watch.app/Workout watch";
			};
			name = Debug;
		};
		D63170F51CAA00E500526C47 /* Release */ = {
			isa = XCBuildConfiguration;
			buildSettings = {
				BUNDLE_LOADER = "$(TEST_HOST)";
				INFOPLIST_FILE = "Workout watchTests/Info.plist";
				LD_RUNPATH_SEARCH_PATHS = "$(inherited) @executable_path/Frameworks @loader_path/Frameworks";
				PRODUCT_BUNDLE_IDENTIFIER = "Grow-muscle.Workout-watchTests";
				PRODUCT_NAME = "$(TARGET_NAME)";
				TEST_HOST = "$(BUILT_PRODUCTS_DIR)/Workout watch.app/Workout watch";
			};
			name = Release;
		};
		D63170F71CAA00E500526C47 /* Debug */ = {
			isa = XCBuildConfiguration;
			buildSettings = {
				INFOPLIST_FILE = "Workout watchUITests/Info.plist";
				LD_RUNPATH_SEARCH_PATHS = "$(inherited) @executable_path/Frameworks @loader_path/Frameworks";
				PRODUCT_BUNDLE_IDENTIFIER = "Grow-muscle.Workout-watchUITests";
				PRODUCT_NAME = "$(TARGET_NAME)";
				TEST_TARGET_NAME = "Workout watch";
			};
			name = Debug;
		};
		D63170F81CAA00E500526C47 /* Release */ = {
			isa = XCBuildConfiguration;
			buildSettings = {
				INFOPLIST_FILE = "Workout watchUITests/Info.plist";
				LD_RUNPATH_SEARCH_PATHS = "$(inherited) @executable_path/Frameworks @loader_path/Frameworks";
				PRODUCT_BUNDLE_IDENTIFIER = "Grow-muscle.Workout-watchUITests";
				PRODUCT_NAME = "$(TARGET_NAME)";
				TEST_TARGET_NAME = "Workout watch";
			};
			name = Release;
		};
/* End XCBuildConfiguration section */

/* Begin XCConfigurationList section */
		D63170C31CAA00E400526C47 /* Build configuration list for PBXProject "Workout watch" */ = {
			isa = XCConfigurationList;
			buildConfigurations = (
				D63170EE1CAA00E500526C47 /* Debug */,
				D63170EF1CAA00E500526C47 /* Release */,
			);
			defaultConfigurationIsVisible = 0;
			defaultConfigurationName = Release;
		};
		D63170F01CAA00E500526C47 /* Build configuration list for PBXNativeTarget "Workout watch" */ = {
			isa = XCConfigurationList;
			buildConfigurations = (
				D63170F11CAA00E500526C47 /* Debug */,
				D63170F21CAA00E500526C47 /* Release */,
			);
			defaultConfigurationIsVisible = 0;
			defaultConfigurationName = Release;
		};
		D63170F31CAA00E500526C47 /* Build configuration list for PBXNativeTarget "Workout watchTests" */ = {
			isa = XCConfigurationList;
			buildConfigurations = (
				D63170F41CAA00E500526C47 /* Debug */,
				D63170F51CAA00E500526C47 /* Release */,
			);
			defaultConfigurationIsVisible = 0;
			defaultConfigurationName = Release;
		};
		D63170F61CAA00E500526C47 /* Build configuration list for PBXNativeTarget "Workout watchUITests" */ = {
			isa = XCConfigurationList;
			buildConfigurations = (
				D63170F71CAA00E500526C47 /* Debug */,
				D63170F81CAA00E500526C47 /* Release */,
			);
			defaultConfigurationIsVisible = 0;
			defaultConfigurationName = Release;
		};
/* End XCConfigurationList section */
	};
	rootObject = D63170C01CAA00E400526C47 /* Project object */;
}
